
Microsoft Visual Studio Solution File, Format Version 12.00
# Visual Studio Version 16
VisualStudioVersion = 16.0.30320.27
MinimumVisualStudioVersion = 10.0.40219.1
Project("{FAE04EC0-301F-11D3-BF4B-00C04F79EFBC}") = "DA_ASP", "DA_ASP\DA_ASP.csproj", "{393F601B-2648-467D-BE1B-CE2BDA41D601}"
EndProject
Global
	GlobalSection(SolutionConfigurationPlatforms) = preSolution
		Debug|Any CPU = Debug|Any CPU
		Release|Any CPU = Release|Any CPU
	EndGlobalSection
	GlobalSection(ProjectConfigurationPlatforms) = postSolution
		{393F601B-2648-467D-BE1B-CE2BDA41D601}.Debug|Any CPU.ActiveCfg = Debug|Any CPU
		{393F601B-2648-467D-BE1B-CE2BDA41D601}.Debug|Any CPU.Build.0 = Debug|Any CPU
		{393F601B-2648-467D-BE1B-CE2BDA41D601}.Release|Any CPU.ActiveCfg = Release|Any CPU
		{393F601B-2648-467D-BE1B-CE2BDA41D601}.Release|Any CPU.Build.0 = Release|Any CPU
	EndGlobalSection
	GlobalSection(SolutionProperties) = preSolution
		HideSolutionNode = FALSE
	EndGlobalSection
	GlobalSection(ExtensibilityGlobals) = postSolution
		SolutionGuid = {F532B8BD-7B0F-42CF-962B-BB4A7E4D2271}
	EndGlobalSection
EndGlobal
